
Microsoft Visual Studio Solution File, Format Version 12.00
# Visual Studio Version 16
VisualStudioVersion = 16.0.29613.14
MinimumVisualStudioVersion = 10.0.40219.1
Project("{FAE04EC0-301F-11D3-BF4B-00C04F79EFBC}") = "QuarterlySales", "QuarterlySales\QuarterlySales.csproj", "{95256EB9-51C4-4E37-9B36-223C310C2F7E}"
EndProject
Global
	GlobalSection(SolutionConfigurationPlatforms) = preSolution
		Debug|Any CPU = Debug|Any CPU
		Release|Any CPU = Release|Any CPU
	EndGlobalSection
	GlobalSection(ProjectConfigurationPlatforms) = postSolution
		{95256EB9-51C4-4E37-9B36-223C310C2F7E}.Debug|Any CPU.ActiveCfg = Debug|Any CPU
		{95256EB9-51C4-4E37-9B36-223C310C2F7E}.Debug|Any CPU.Build.0 = Debug|Any CPU
		{95256EB9-51C4-4E37-9B36-223C310C2F7E}.Release|Any CPU.ActiveCfg = Release|Any CPU
		{95256EB9-51C4-4E37-9B36-223C310C2F7E}.Release|Any CPU.Build.0 = Release|Any CPU
	EndGlobalSection
	GlobalSection(SolutionProperties) = preSolution
		HideSolutionNode = FALSE
	EndGlobalSection
	GlobalSection(ExtensibilityGlobals) = postSolution
		SolutionGuid = {47F99BDF-B0FB-4D32-A375-F9A2AF3BB757}
	EndGlobalSection
EndGlobal
